
Microsoft Visual Studio Solution File, Format Version 12.00
# Visual Studio Version 17
VisualStudioVersion = 17.2.32210.308
MinimumVisualStudioVersion = 10.0.40219.1
Project("{9A19103F-16F7-4668-BE54-9A1E7A4F7556}") = "CodeGen", "src\CodeGen\CodeGen.csproj", "{80D78C22-DDCB-4FCD-B326-5EB7C3D8C3B8}"
EndProject
Project("{9A19103F-16F7-4668-BE54-9A1E7A4F7556}") = "CodeGen.Tests", "tests\CodeGen.Tests\CodeGen.Tests.csproj", "{7F7CCA61-2B7E-4B92-AAB7-AEF16B4D7B03}"
EndProject
Project("{9A19103F-16F7-4668-BE54-9A1E7A4F7556}") = "Longtail", "src\Longtail\Longtail.csproj", "{A45DF83F-0001-4ECF-AACA-4BF52CA5A810}"
EndProject
Project("{9A19103F-16F7-4668-BE54-9A1E7A4F7556}") = "Longtail.Tests", "tests\Longtail.Tests\Longtail.Tests.csproj", "{D4FC1729-7229-4707-9303-3D8407E7BD0E}"
EndProject
Project("{2150E333-8FDC-42A3-9474-1A3956D46DE8}") = "Tests", "Tests", "{06C44359-764E-4240-BEE4-2F7A81B132A1}"
EndProject
Project("{FAE04EC0-301F-11D3-BF4B-00C04F79EFBC}") = "BuildTool", "src\BuildTool\BuildTool.csproj", "{D1A0C303-1305-47EF-80C9-60F33046FC95}"
EndProject
Global
	GlobalSection(SolutionConfigurationPlatforms) = preSolution
		Debug|Any CPU = Debug|Any CPU
		Release|Any CPU = Release|Any CPU
	EndGlobalSection
	GlobalSection(ProjectConfigurationPlatforms) = postSolution
		{80D78C22-DDCB-4FCD-B326-5EB7C3D8C3B8}.Debug|Any CPU.ActiveCfg = Debug|Any CPU
		{80D78C22-DDCB-4FCD-B326-5EB7C3D8C3B8}.Debug|Any CPU.Build.0 = Debug|Any CPU
		{80D78C22-DDCB-4FCD-B326-5EB7C3D8C3B8}.Release|Any CPU.ActiveCfg = Release|Any CPU
		{80D78C22-DDCB-4FCD-B326-5EB7C3D8C3B8}.Release|Any CPU.Build.0 = Release|Any CPU
		{7F7CCA61-2B7E-4B92-AAB7-AEF16B4D7B03}.Debug|Any CPU.ActiveCfg = Debug|Any CPU
		{7F7CCA61-2B7E-4B92-AAB7-AEF16B4D7B03}.Debug|Any CPU.Build.0 = Debug|Any CPU
		{7F7CCA61-2B7E-4B92-AAB7-AEF16B4D7B03}.Release|Any CPU.ActiveCfg = Release|Any CPU
		{7F7CCA61-2B7E-4B92-AAB7-AEF16B4D7B03}.Release|Any CPU.Build.0 = Release|Any CPU
		{A45DF83F-0001-4ECF-AACA-4BF52CA5A810}.Debug|Any CPU.ActiveCfg = Debug|Any CPU
		{A45DF83F-0001-4ECF-AACA-4BF52CA5A810}.Debug|Any CPU.Build.0 = Debug|Any CPU
		{A45DF83F-0001-4ECF-AACA-4BF52CA5A810}.Release|Any CPU.ActiveCfg = Release|Any CPU
		{A45DF83F-0001-4ECF-AACA-4BF52CA5A810}.Release|Any CPU.Build.0 = Release|Any CPU
		{D4FC1729-7229-4707-9303-3D8407E7BD0E}.Debug|Any CPU.ActiveCfg = Debug|Any CPU
		{D4FC1729-7229-4707-9303-3D8407E7BD0E}.Debug|Any CPU.Build.0 = Debug|Any CPU
		{D4FC1729-7229-4707-9303-3D8407E7BD0E}.Release|Any CPU.ActiveCfg = Release|Any CPU
		{D4FC1729-7229-4707-9303-3D8407E7BD0E}.Release|Any CPU.Build.0 = Release|Any CPU
		{D1A0C303-1305-47EF-80C9-60F33046FC95}.Debug|Any CPU.ActiveCfg = Debug|Any CPU
		{D1A0C303-1305-47EF-80C9-60F33046FC95}.Debug|Any CPU.Build.0 = Debug|Any CPU
		{D1A0C303-1305-47EF-80C9-60F33046FC95}.Release|Any CPU.ActiveCfg = Release|Any CPU
		{D1A0C303-1305-47EF-80C9-60F33046FC95}.Release|Any CPU.Build.0 = Release|Any CPU
	EndGlobalSection
	GlobalSection(SolutionProperties) = preSolution
		HideSolutionNode = FALSE
	EndGlobalSection
	GlobalSection(NestedProjects) = preSolution
		{7F7CCA61-2B7E-4B92-AAB7-AEF16B4D7B03} = {06C44359-764E-4240-BEE4-2F7A81B132A1}
		{D4FC1729-7229-4707-9303-3D8407E7BD0E} = {06C44359-764E-4240-BEE4-2F7A81B132A1}
	EndGlobalSection
	GlobalSection(ExtensibilityGlobals) = postSolution
		SolutionGuid = {AF50985C-9215-43F5-8368-27B7D31A20B9}
	EndGlobalSection
EndGlobal
